RankName.txt
ScientificNames_list.txt
GeneLists
FiltredScientificNames_list.txt
FiltredGeneNames_list.txt
Squences_Fasta
named_Fastas
concat.fasta
output_dir
RAxML_bootstrap.nhk
MyBayes.tre
RankName.txt
ScientificNames_list.txt
GeneLists
FiltredScientificNames_list.txt
FiltredGeneNames_list.txt
Squences_Fasta
RankName.txt
ScientificNames_list.txt
GeneLists
FiltredScientificNames_list.txt
FiltredGeneNames_list.txt
Squences_Fasta
named_Fastas
concat.fasta
RAxML_bootstrap.nhk
MyBayes.tre
named_Fastas
concat.fasta
RAxML_bootstrap.nhk
